{
  "requires": true,
  "lockfileVersion": 1,
  "dependencies": {
    "toastify-js": {
      "version": "1.9.3",
      "resolved": "https://registry.npmjs.org/toastify-js/-/toastify-js-1.9.3.tgz",
      "integrity": "sha512-v0aXGUy6IbEBWxmoKx7ZCou00dQqEAsjJF86f8b8dNCH4O4L6iEkX3d3WRMVDirBJ+8CxQcHDZuAFD47J/imEw=="
    }
  }
}
